
Microsoft Visual Studio Solution File, Format Version 12.00
# Visual Studio Version 17
VisualStudioVersion = 17.13.35919.96
MinimumVisualStudioVersion = 10.0.40219.1
Project("{2150E333-8FDC-42A3-9474-1A3956D46DE8}") = "Shared", "Shared", "{02EA681E-C7D8-13C7-8484-4AC65E1B71E8}"
EndProject
Project("{2150E333-8FDC-42A3-9474-1A3956D46DE8}") = "Services", "Services", "{740EE2FD-DBA0-42C1-B88F-10DF16F4E100}"
EndProject
Project("{2150E333-8FDC-42A3-9474-1A3956D46DE8}") = "Auth", "Auth", "{0EA43B46-B4E5-453E-AF95-D2DFFD6492F9}"
EndProject
Project("{2150E333-8FDC-42A3-9474-1A3956D46DE8}") = "Motorcycle", "Motorcycle", "{66B1BEEA-82A0-4318-9F60-2AA471493DC2}"
EndProject
Project("{2150E333-8FDC-42A3-9474-1A3956D46DE8}") = "Rental", "Rental", "{ACAEE783-26E2-4760-B77E-C927FDE0DEAE}"
EndProject
Project("{2150E333-8FDC-42A3-9474-1A3956D46DE8}") = "Courier", "Courier", "{73A2860F-C88E-4C72-972C-36F65306AFEE}"
EndProject
Project("{FAE04EC0-301F-11D3-BF4B-00C04F79EFBC}") = "Motorcycle.API", "Services\Motorcycle\Motorcycle.API\Motorcycle.API.csproj", "{7A430D0F-79E2-438F-AF71-F79BC042F4EE}"
EndProject
Project("{FAE04EC0-301F-11D3-BF4B-00C04F79EFBC}") = "SharedKernel", "SharedKernel\SharedKernel.csproj", "{35ACF3A0-931E-44EC-B108-4ED555EF6FC9}"
EndProject
Project("{FAE04EC0-301F-11D3-BF4B-00C04F79EFBC}") = "Motorcycle.UnitTests", "Motorcycle.UnitTests\Motorcycle.UnitTests.csproj", "{CAC74A54-AE81-4756-AA32-AFB8977DB0FB}"
EndProject
Global
	GlobalSection(SolutionConfigurationPlatforms) = preSolution
		Debug|Any CPU = Debug|Any CPU
		Release|Any CPU = Release|Any CPU
	EndGlobalSection
	GlobalSection(ProjectConfigurationPlatforms) = postSolution
		{7A430D0F-79E2-438F-AF71-F79BC042F4EE}.Debug|Any CPU.ActiveCfg = Debug|Any CPU
		{7A430D0F-79E2-438F-AF71-F79BC042F4EE}.Debug|Any CPU.Build.0 = Debug|Any CPU
		{7A430D0F-79E2-438F-AF71-F79BC042F4EE}.Release|Any CPU.ActiveCfg = Release|Any CPU
		{7A430D0F-79E2-438F-AF71-F79BC042F4EE}.Release|Any CPU.Build.0 = Release|Any CPU
		{35ACF3A0-931E-44EC-B108-4ED555EF6FC9}.Debug|Any CPU.ActiveCfg = Debug|Any CPU
		{35ACF3A0-931E-44EC-B108-4ED555EF6FC9}.Debug|Any CPU.Build.0 = Debug|Any CPU
		{35ACF3A0-931E-44EC-B108-4ED555EF6FC9}.Release|Any CPU.ActiveCfg = Release|Any CPU
		{35ACF3A0-931E-44EC-B108-4ED555EF6FC9}.Release|Any CPU.Build.0 = Release|Any CPU
		{CAC74A54-AE81-4756-AA32-AFB8977DB0FB}.Debug|Any CPU.ActiveCfg = Debug|Any CPU
		{CAC74A54-AE81-4756-AA32-AFB8977DB0FB}.Debug|Any CPU.Build.0 = Debug|Any CPU
		{CAC74A54-AE81-4756-AA32-AFB8977DB0FB}.Release|Any CPU.ActiveCfg = Release|Any CPU
		{CAC74A54-AE81-4756-AA32-AFB8977DB0FB}.Release|Any CPU.Build.0 = Release|Any CPU
	EndGlobalSection
	GlobalSection(SolutionProperties) = preSolution
		HideSolutionNode = FALSE
	EndGlobalSection
	GlobalSection(NestedProjects) = preSolution
		{0EA43B46-B4E5-453E-AF95-D2DFFD6492F9} = {740EE2FD-DBA0-42C1-B88F-10DF16F4E100}
		{66B1BEEA-82A0-4318-9F60-2AA471493DC2} = {740EE2FD-DBA0-42C1-B88F-10DF16F4E100}
		{ACAEE783-26E2-4760-B77E-C927FDE0DEAE} = {740EE2FD-DBA0-42C1-B88F-10DF16F4E100}
		{73A2860F-C88E-4C72-972C-36F65306AFEE} = {740EE2FD-DBA0-42C1-B88F-10DF16F4E100}
		{7A430D0F-79E2-438F-AF71-F79BC042F4EE} = {66B1BEEA-82A0-4318-9F60-2AA471493DC2}
		{35ACF3A0-931E-44EC-B108-4ED555EF6FC9} = {02EA681E-C7D8-13C7-8484-4AC65E1B71E8}
		{CAC74A54-AE81-4756-AA32-AFB8977DB0FB} = {66B1BEEA-82A0-4318-9F60-2AA471493DC2}
	EndGlobalSection
	GlobalSection(ExtensibilityGlobals) = postSolution
		SolutionGuid = {CA8D736E-2D49-4086-A2D3-C7219DD35979}
	EndGlobalSection
EndGlobal
